
Microsoft Visual Studio Solution File, Format Version 12.00
# Visual Studio Version 17
VisualStudioVersion = 17.13.35806.99 d17.13
MinimumVisualStudioVersion = 10.0.40219.1
Project("{FAE04EC0-301F-11D3-BF4B-00C04F79EFBC}") = "UKK_Todo_List", "UKK_Todo_List\UKK_Todo_List.csproj", "{049FD8F1-C9BA-4A24-93EA-C31AB74E23CA}"
EndProject
Global
	GlobalSection(SolutionConfigurationPlatforms) = preSolution
		Debug|Any CPU = Debug|Any CPU
		Release|Any CPU = Release|Any CPU
	EndGlobalSection
	GlobalSection(ProjectConfigurationPlatforms) = postSolution
		{049FD8F1-C9BA-4A24-93EA-C31AB74E23CA}.Debug|Any CPU.ActiveCfg = Debug|Any CPU
		{049FD8F1-C9BA-4A24-93EA-C31AB74E23CA}.Debug|Any CPU.Build.0 = Debug|Any CPU
		{049FD8F1-C9BA-4A24-93EA-C31AB74E23CA}.Release|Any CPU.ActiveCfg = Release|Any CPU
		{049FD8F1-C9BA-4A24-93EA-C31AB74E23CA}.Release|Any CPU.Build.0 = Release|Any CPU
	EndGlobalSection
	GlobalSection(SolutionProperties) = preSolution
		HideSolutionNode = FALSE
	EndGlobalSection
	GlobalSection(ExtensibilityGlobals) = postSolution
		SolutionGuid = {69B35FE7-D67B-40BB-B431-DD55D0F0AFAF}
	EndGlobalSection
EndGlobal
